
Microsoft Visual Studio Solution File, Format Version 12.00
# Visual Studio Version 16
VisualStudioVersion = 16.0.31624.102
MinimumVisualStudioVersion = 10.0.40219.1
Project("{FAE04EC0-301F-11D3-BF4B-00C04F79EFBC}") = "Ejercicio31", "Ejercicio31.csproj", "{F60545E0-75DD-411E-91B7-99720DE61B85}"
EndProject
Project("{FAE04EC0-301F-11D3-BF4B-00C04F79EFBC}") = "Biblioteca", "Biblioteca\Biblioteca.csproj", "{95FEAA5B-9A01-4A4F-A5AC-1C1FE4E52FAF}"
EndProject
Global
	GlobalSection(SolutionConfigurationPlatforms) = preSolution
		Debug|Any CPU = Debug|Any CPU
		Release|Any CPU = Release|Any CPU
	EndGlobalSection
	GlobalSection(ProjectConfigurationPlatforms) = postSolution
		{F60545E0-75DD-411E-91B7-99720DE61B85}.Debug|Any CPU.ActiveCfg = Debug|Any CPU
		{F60545E0-75DD-411E-91B7-99720DE61B85}.Debug|Any CPU.Build.0 = Debug|Any CPU
		{F60545E0-75DD-411E-91B7-99720DE61B85}.Release|Any CPU.ActiveCfg = Release|Any CPU
		{F60545E0-75DD-411E-91B7-99720DE61B85}.Release|Any CPU.Build.0 = Release|Any CPU
		{95FEAA5B-9A01-4A4F-A5AC-1C1FE4E52FAF}.Debug|Any CPU.ActiveCfg = Debug|Any CPU
		{95FEAA5B-9A01-4A4F-A5AC-1C1FE4E52FAF}.Debug|Any CPU.Build.0 = Debug|Any CPU
		{95FEAA5B-9A01-4A4F-A5AC-1C1FE4E52FAF}.Release|Any CPU.ActiveCfg = Release|Any CPU
		{95FEAA5B-9A01-4A4F-A5AC-1C1FE4E52FAF}.Release|Any CPU.Build.0 = Release|Any CPU
	EndGlobalSection
	GlobalSection(SolutionProperties) = preSolution
		HideSolutionNode = FALSE
	EndGlobalSection
	GlobalSection(ExtensibilityGlobals) = postSolution
		SolutionGuid = {DD25F7A1-E5C2-4251-8FB8-29573A0ADDFF}
	EndGlobalSection
EndGlobal
