
Microsoft Visual Studio Solution File, Format Version 12.00
# Visual Studio Version 16
VisualStudioVersion = 16.0.31624.102
MinimumVisualStudioVersion = 10.0.40219.1
Project("{9A19103F-16F7-4668-BE54-9A1E7A4F7556}") = "Ejercicio19", "Ejercicio19.csproj", "{A485853A-F261-4533-ACE0-760053D38EB3}"
EndProject
Global
	GlobalSection(SolutionConfigurationPlatforms) = preSolution
		Debug|Any CPU = Debug|Any CPU
		Release|Any CPU = Release|Any CPU
	EndGlobalSection
	GlobalSection(ProjectConfigurationPlatforms) = postSolution
		{A485853A-F261-4533-ACE0-760053D38EB3}.Debug|Any CPU.ActiveCfg = Debug|Any CPU
		{A485853A-F261-4533-ACE0-760053D38EB3}.Debug|Any CPU.Build.0 = Debug|Any CPU
		{A485853A-F261-4533-ACE0-760053D38EB3}.Release|Any CPU.ActiveCfg = Release|Any CPU
		{A485853A-F261-4533-ACE0-760053D38EB3}.Release|Any CPU.Build.0 = Release|Any CPU
	EndGlobalSection
	GlobalSection(SolutionProperties) = preSolution
		HideSolutionNode = FALSE
	EndGlobalSection
	GlobalSection(ExtensibilityGlobals) = postSolution
		SolutionGuid = {A23ADB10-58F0-49FA-9EE1-59E6E027EE1B}
	EndGlobalSection
EndGlobal
