
Microsoft Visual Studio Solution File, Format Version 12.00
# Visual Studio Version 16
VisualStudioVersion = 16.0.31624.102
MinimumVisualStudioVersion = 10.0.40219.1
Project("{FAE04EC0-301F-11D3-BF4B-00C04F79EFBC}") = "MiPrimerCRUD", "MiPrimerCRUD.csproj", "{8D543213-714B-4103-A370-F7AF8B5613CF}"
EndProject
Project("{FAE04EC0-301F-11D3-BF4B-00C04F79EFBC}") = "BibliotecaDeClases", "..\BibliotecaDeClases\BibliotecaDeClases.csproj", "{BF993D30-9A29-42AA-BE02-B21F6C6BD7B2}"
EndProject
Global
	GlobalSection(SolutionConfigurationPlatforms) = preSolution
		Debug|Any CPU = Debug|Any CPU
		Release|Any CPU = Release|Any CPU
	EndGlobalSection
	GlobalSection(ProjectConfigurationPlatforms) = postSolution
		{8D543213-714B-4103-A370-F7AF8B5613CF}.Debug|Any CPU.ActiveCfg = Debug|Any CPU
		{8D543213-714B-4103-A370-F7AF8B5613CF}.Debug|Any CPU.Build.0 = Debug|Any CPU
		{8D543213-714B-4103-A370-F7AF8B5613CF}.Release|Any CPU.ActiveCfg = Release|Any CPU
		{8D543213-714B-4103-A370-F7AF8B5613CF}.Release|Any CPU.Build.0 = Release|Any CPU
		{BF993D30-9A29-42AA-BE02-B21F6C6BD7B2}.Debug|Any CPU.ActiveCfg = Debug|Any CPU
		{BF993D30-9A29-42AA-BE02-B21F6C6BD7B2}.Debug|Any CPU.Build.0 = Debug|Any CPU
		{BF993D30-9A29-42AA-BE02-B21F6C6BD7B2}.Release|Any CPU.ActiveCfg = Release|Any CPU
		{BF993D30-9A29-42AA-BE02-B21F6C6BD7B2}.Release|Any CPU.Build.0 = Release|Any CPU
	EndGlobalSection
	GlobalSection(SolutionProperties) = preSolution
		HideSolutionNode = FALSE
	EndGlobalSection
	GlobalSection(ExtensibilityGlobals) = postSolution
		SolutionGuid = {57925827-C5A9-460B-8D59-3577FBEEF1F1}
	EndGlobalSection
EndGlobal
