
Microsoft Visual Studio Solution File, Format Version 12.00
# Visual Studio Version 16
VisualStudioVersion = 16.0.31624.102
MinimumVisualStudioVersion = 10.0.40219.1
Project("{9A19103F-16F7-4668-BE54-9A1E7A4F7556}") = "Ejercicio20", "Ejercicio20.csproj", "{EEA7AFE8-1A65-4B38-A0AB-1F4840BA8B6D}"
EndProject
Global
	GlobalSection(SolutionConfigurationPlatforms) = preSolution
		Debug|Any CPU = Debug|Any CPU
		Release|Any CPU = Release|Any CPU
	EndGlobalSection
	GlobalSection(ProjectConfigurationPlatforms) = postSolution
		{EEA7AFE8-1A65-4B38-A0AB-1F4840BA8B6D}.Debug|Any CPU.ActiveCfg = Debug|Any CPU
		{EEA7AFE8-1A65-4B38-A0AB-1F4840BA8B6D}.Debug|Any CPU.Build.0 = Debug|Any CPU
		{EEA7AFE8-1A65-4B38-A0AB-1F4840BA8B6D}.Release|Any CPU.ActiveCfg = Release|Any CPU
		{EEA7AFE8-1A65-4B38-A0AB-1F4840BA8B6D}.Release|Any CPU.Build.0 = Release|Any CPU
	EndGlobalSection
	GlobalSection(SolutionProperties) = preSolution
		HideSolutionNode = FALSE
	EndGlobalSection
	GlobalSection(ExtensibilityGlobals) = postSolution
		SolutionGuid = {DE0127BB-4BAF-4E54-8744-5DD31AA8B983}
	EndGlobalSection
EndGlobal
