
Microsoft Visual Studio Solution File, Format Version 12.00
# Visual Studio Version 16
VisualStudioVersion = 16.0.31624.102
MinimumVisualStudioVersion = 10.0.40219.1
Project("{FAE04EC0-301F-11D3-BF4B-00C04F79EFBC}") = "Ejercicio57", "Ejercicio57.csproj", "{B5BC743F-202A-4954-80CF-E057847475C8}"
EndProject
Global
	GlobalSection(SolutionConfigurationPlatforms) = preSolution
		Debug|Any CPU = Debug|Any CPU
		Release|Any CPU = Release|Any CPU
	EndGlobalSection
	GlobalSection(ProjectConfigurationPlatforms) = postSolution
		{B5BC743F-202A-4954-80CF-E057847475C8}.Debug|Any CPU.ActiveCfg = Debug|Any CPU
		{B5BC743F-202A-4954-80CF-E057847475C8}.Debug|Any CPU.Build.0 = Debug|Any CPU
		{B5BC743F-202A-4954-80CF-E057847475C8}.Release|Any CPU.ActiveCfg = Release|Any CPU
		{B5BC743F-202A-4954-80CF-E057847475C8}.Release|Any CPU.Build.0 = Release|Any CPU
	EndGlobalSection
	GlobalSection(SolutionProperties) = preSolution
		HideSolutionNode = FALSE
	EndGlobalSection
	GlobalSection(ExtensibilityGlobals) = postSolution
		SolutionGuid = {B1A6B57F-F157-4B98-8EA9-79359E3406DA}
	EndGlobalSection
EndGlobal
