
Microsoft Visual Studio Solution File, Format Version 12.00
# Visual Studio Version 16
VisualStudioVersion = 16.0.31624.102
MinimumVisualStudioVersion = 10.0.40219.1
Project("{9A19103F-16F7-4668-BE54-9A1E7A4F7556}") = "Libreria", "Libreria.csproj", "{B485E6EB-8386-420C-B417-F89FEF017487}"
EndProject
Project("{FAE04EC0-301F-11D3-BF4B-00C04F79EFBC}") = "BibliotecaDeClases", "..\BibliotecaDeClases\BibliotecaDeClases.csproj", "{65350A91-55E9-450B-9D63-522530778C11}"
EndProject
Global
	GlobalSection(SolutionConfigurationPlatforms) = preSolution
		Debug|Any CPU = Debug|Any CPU
		Release|Any CPU = Release|Any CPU
	EndGlobalSection
	GlobalSection(ProjectConfigurationPlatforms) = postSolution
		{B485E6EB-8386-420C-B417-F89FEF017487}.Debug|Any CPU.ActiveCfg = Debug|Any CPU
		{B485E6EB-8386-420C-B417-F89FEF017487}.Debug|Any CPU.Build.0 = Debug|Any CPU
		{B485E6EB-8386-420C-B417-F89FEF017487}.Release|Any CPU.ActiveCfg = Release|Any CPU
		{B485E6EB-8386-420C-B417-F89FEF017487}.Release|Any CPU.Build.0 = Release|Any CPU
		{65350A91-55E9-450B-9D63-522530778C11}.Debug|Any CPU.ActiveCfg = Debug|Any CPU
		{65350A91-55E9-450B-9D63-522530778C11}.Debug|Any CPU.Build.0 = Debug|Any CPU
		{65350A91-55E9-450B-9D63-522530778C11}.Release|Any CPU.ActiveCfg = Release|Any CPU
		{65350A91-55E9-450B-9D63-522530778C11}.Release|Any CPU.Build.0 = Release|Any CPU
	EndGlobalSection
	GlobalSection(SolutionProperties) = preSolution
		HideSolutionNode = FALSE
	EndGlobalSection
	GlobalSection(ExtensibilityGlobals) = postSolution
		SolutionGuid = {68812A1D-155D-4460-B1B3-B4BBFEAD253C}
	EndGlobalSection
EndGlobal
