
Microsoft Visual Studio Solution File, Format Version 12.00
# Visual Studio Version 16
VisualStudioVersion = 16.0.31624.102
MinimumVisualStudioVersion = 10.0.40219.1
Project("{FAE04EC0-301F-11D3-BF4B-00C04F79EFBC}") = "Ejercicio26", "Ejercicio26.csproj", "{F7B5BBD3-29DD-4BE4-8D24-79A74C194331}"
EndProject
Global
	GlobalSection(SolutionConfigurationPlatforms) = preSolution
		Debug|Any CPU = Debug|Any CPU
		Release|Any CPU = Release|Any CPU
	EndGlobalSection
	GlobalSection(ProjectConfigurationPlatforms) = postSolution
		{F7B5BBD3-29DD-4BE4-8D24-79A74C194331}.Debug|Any CPU.ActiveCfg = Debug|Any CPU
		{F7B5BBD3-29DD-4BE4-8D24-79A74C194331}.Debug|Any CPU.Build.0 = Debug|Any CPU
		{F7B5BBD3-29DD-4BE4-8D24-79A74C194331}.Release|Any CPU.ActiveCfg = Release|Any CPU
		{F7B5BBD3-29DD-4BE4-8D24-79A74C194331}.Release|Any CPU.Build.0 = Release|Any CPU
	EndGlobalSection
	GlobalSection(SolutionProperties) = preSolution
		HideSolutionNode = FALSE
	EndGlobalSection
	GlobalSection(ExtensibilityGlobals) = postSolution
		SolutionGuid = {EEF17916-1C16-4A33-865B-A681A356A9B8}
	EndGlobalSection
EndGlobal
