
Microsoft Visual Studio Solution File, Format Version 12.00
# Visual Studio Version 16
VisualStudioVersion = 16.0.31624.102
MinimumVisualStudioVersion = 10.0.40219.1
Project("{FAE04EC0-301F-11D3-BF4B-00C04F79EFBC}") = "BibliotecaDeClases", "BibliotecaDeClases\BibliotecaDeClases.csproj", "{4EEB8FF1-685A-4FE1-8555-636D3F0E8002}"
EndProject
Project("{FAE04EC0-301F-11D3-BF4B-00C04F79EFBC}") = "FormProject", "FormProject\FormProject.csproj", "{AFD113A1-7244-42BA-B73C-EADEA9A5E82D}"
EndProject
Global
	GlobalSection(SolutionConfigurationPlatforms) = preSolution
		Debug|Any CPU = Debug|Any CPU
		Release|Any CPU = Release|Any CPU
	EndGlobalSection
	GlobalSection(ProjectConfigurationPlatforms) = postSolution
		{4EEB8FF1-685A-4FE1-8555-636D3F0E8002}.Debug|Any CPU.ActiveCfg = Debug|Any CPU
		{4EEB8FF1-685A-4FE1-8555-636D3F0E8002}.Debug|Any CPU.Build.0 = Debug|Any CPU
		{4EEB8FF1-685A-4FE1-8555-636D3F0E8002}.Release|Any CPU.ActiveCfg = Release|Any CPU
		{4EEB8FF1-685A-4FE1-8555-636D3F0E8002}.Release|Any CPU.Build.0 = Release|Any CPU
		{AFD113A1-7244-42BA-B73C-EADEA9A5E82D}.Debug|Any CPU.ActiveCfg = Debug|Any CPU
		{AFD113A1-7244-42BA-B73C-EADEA9A5E82D}.Debug|Any CPU.Build.0 = Debug|Any CPU
		{AFD113A1-7244-42BA-B73C-EADEA9A5E82D}.Release|Any CPU.ActiveCfg = Release|Any CPU
		{AFD113A1-7244-42BA-B73C-EADEA9A5E82D}.Release|Any CPU.Build.0 = Release|Any CPU
	EndGlobalSection
	GlobalSection(SolutionProperties) = preSolution
		HideSolutionNode = FALSE
	EndGlobalSection
	GlobalSection(ExtensibilityGlobals) = postSolution
		SolutionGuid = {A4677D0C-463B-40CB-B1CF-E0363A87D1BB}
	EndGlobalSection
EndGlobal
